
Microsoft Visual Studio Solution File, Format Version 11.00
# Visual Studio 2010
Project("{FAE04EC0-301F-11D3-BF4B-00C04F79EFBC}") = "WhiteboxVisualization", "Assembly-CSharp-firstpass.csproj", "{FB03E502-9B73-BE52-1CD7-B0250B718B75}"
EndProject
Project("{FAE04EC0-301F-11D3-BF4B-00C04F79EFBC}") = "WhiteboxVisualization", "Assembly-CSharp.csproj", "{1D3F8B76-3FFA-488A-4ACA-9B264BA7585A}"
EndProject
Project("{FAE04EC0-301F-11D3-BF4B-00C04F79EFBC}") = "WhiteboxVisualization", "Assembly-CSharp-Editor.csproj", "{3FFD9D2E-5199-8F6C-63B0-D9882441ECA7}"
EndProject
Global
	GlobalSection(SolutionConfigurationPlatforms) = preSolution
		Debug|Any CPU = Debug|Any CPU
		Release|Any CPU = Release|Any CPU
	EndGlobalSection
	GlobalSection(ProjectConfigurationPlatforms) = postSolution
		{FB03E502-9B73-BE52-1CD7-B0250B718B75}.Debug|Any CPU.ActiveCfg = Debug|Any CPU
		{FB03E502-9B73-BE52-1CD7-B0250B718B75}.Debug|Any CPU.Build.0 = Debug|Any CPU
		{FB03E502-9B73-BE52-1CD7-B0250B718B75}.Release|Any CPU.ActiveCfg = Release|Any CPU
		{FB03E502-9B73-BE52-1CD7-B0250B718B75}.Release|Any CPU.Build.0 = Release|Any CPU
		{1D3F8B76-3FFA-488A-4ACA-9B264BA7585A}.Debug|Any CPU.ActiveCfg = Debug|Any CPU
		{1D3F8B76-3FFA-488A-4ACA-9B264BA7585A}.Debug|Any CPU.Build.0 = Debug|Any CPU
		{1D3F8B76-3FFA-488A-4ACA-9B264BA7585A}.Release|Any CPU.ActiveCfg = Release|Any CPU
		{1D3F8B76-3FFA-488A-4ACA-9B264BA7585A}.Release|Any CPU.Build.0 = Release|Any CPU
		{3FFD9D2E-5199-8F6C-63B0-D9882441ECA7}.Debug|Any CPU.ActiveCfg = Debug|Any CPU
		{3FFD9D2E-5199-8F6C-63B0-D9882441ECA7}.Debug|Any CPU.Build.0 = Debug|Any CPU
		{3FFD9D2E-5199-8F6C-63B0-D9882441ECA7}.Release|Any CPU.ActiveCfg = Release|Any CPU
		{3FFD9D2E-5199-8F6C-63B0-D9882441ECA7}.Release|Any CPU.Build.0 = Release|Any CPU
	EndGlobalSection
	GlobalSection(SolutionProperties) = preSolution
		HideSolutionNode = FALSE
	EndGlobalSection
	GlobalSection(MonoDevelopProperties) = preSolution
		StartupItem = Assembly-CSharp.csproj
	EndGlobalSection
EndGlobal
